
Microsoft Visual Studio Solution File, Format Version 12.00
# Visual Studio Version 17
VisualStudioVersion = 17.2.32616.157
MinimumVisualStudioVersion = 10.0.40219.1
Project("{FAE04EC0-301F-11D3-BF4B-00C04F79EFBC}") = "LeetCode", "LeetCode\LeetCode.csproj", "{89840325-7562-46E3-9DC7-6B45B62B218B}"
EndProject
Project("{FAE04EC0-301F-11D3-BF4B-00C04F79EFBC}") = "TestProject", "TestProject\TestProject.csproj", "{A7C5388B-ECB1-40CA-82F1-0B90ED35FC73}"
EndProject
Global
	GlobalSection(SolutionConfigurationPlatforms) = preSolution
		Debug|Any CPU = Debug|Any CPU
		Release|Any CPU = Release|Any CPU
	EndGlobalSection
	GlobalSection(ProjectConfigurationPlatforms) = postSolution
		{89840325-7562-46E3-9DC7-6B45B62B218B}.Debug|Any CPU.ActiveCfg = Debug|Any CPU
		{89840325-7562-46E3-9DC7-6B45B62B218B}.Debug|Any CPU.Build.0 = Debug|Any CPU
		{89840325-7562-46E3-9DC7-6B45B62B218B}.Release|Any CPU.ActiveCfg = Release|Any CPU
		{89840325-7562-46E3-9DC7-6B45B62B218B}.Release|Any CPU.Build.0 = Release|Any CPU
		{A7C5388B-ECB1-40CA-82F1-0B90ED35FC73}.Debug|Any CPU.ActiveCfg = Debug|Any CPU
		{A7C5388B-ECB1-40CA-82F1-0B90ED35FC73}.Debug|Any CPU.Build.0 = Debug|Any CPU
		{A7C5388B-ECB1-40CA-82F1-0B90ED35FC73}.Release|Any CPU.ActiveCfg = Release|Any CPU
		{A7C5388B-ECB1-40CA-82F1-0B90ED35FC73}.Release|Any CPU.Build.0 = Release|Any CPU
	EndGlobalSection
	GlobalSection(SolutionProperties) = preSolution
		HideSolutionNode = FALSE
	EndGlobalSection
	GlobalSection(ExtensibilityGlobals) = postSolution
		SolutionGuid = {C02C84CA-4979-4A5C-8727-6B69E9A4A3F8}
	EndGlobalSection
EndGlobal
